
Microsoft Visual Studio Solution File, Format Version 12.00
# Visual Studio 15
VisualStudioVersion = 15.0.28307.168
MinimumVisualStudioVersion = 10.0.40219.1
Project("{E24C65DC-7377-472B-9ABA-BC803B73C61A}") = "WS001", "WS001\", "{C8539851-3562-465E-8386-7FFAC301B807}"
	ProjectSection(WebsiteProperties) = preProject
		TargetFrameworkMoniker = ".NETFramework,Version%3Dv4.6.1"
		Debug.AspNetCompiler.VirtualPath = "/localhost_64958"
		Debug.AspNetCompiler.PhysicalPath = "WS001\"
		Debug.AspNetCompiler.TargetPath = "PrecompiledWeb\localhost_64958\"
		Debug.AspNetCompiler.Updateable = "true"
		Debug.AspNetCompiler.ForceOverwrite = "true"
		Debug.AspNetCompiler.FixedNames = "false"
		Debug.AspNetCompiler.Debug = "True"
		Release.AspNetCompiler.VirtualPath = "/localhost_64958"
		Release.AspNetCompiler.PhysicalPath = "WS001\"
		Release.AspNetCompiler.TargetPath = "PrecompiledWeb\localhost_64958\"
		Release.AspNetCompiler.Updateable = "true"
		Release.AspNetCompiler.ForceOverwrite = "true"
		Release.AspNetCompiler.FixedNames = "false"
		Release.AspNetCompiler.Debug = "False"
		VWDPort = "64958"
		SlnRelativePath = "WS001\"
		DefaultWebSiteLanguage = "Visual C#"
	EndProjectSection
EndProject
Global
	GlobalSection(SolutionConfigurationPlatforms) = preSolution
		Debug|Any CPU = Debug|Any CPU
	EndGlobalSection
	GlobalSection(ProjectConfigurationPlatforms) = postSolution
		{C8539851-3562-465E-8386-7FFAC301B807}.Debug|Any CPU.ActiveCfg = Debug|Any CPU
		{C8539851-3562-465E-8386-7FFAC301B807}.Debug|Any CPU.Build.0 = Debug|Any CPU
	EndGlobalSection
	GlobalSection(SolutionProperties) = preSolution
		HideSolutionNode = FALSE
	EndGlobalSection
	GlobalSection(ExtensibilityGlobals) = postSolution
		SolutionGuid = {BC990FE9-CF8F-44DE-A0FE-C18A1874F910}
	EndGlobalSection
EndGlobal
