
Microsoft Visual Studio Solution File, Format Version 12.00
# Visual Studio 15
VisualStudioVersion = 15.0.27130.2010
MinimumVisualStudioVersion = 10.0.40219.1
Project("{FAE04EC0-301F-11D3-BF4B-00C04F79EFBC}") = "BE", "BE\BE.csproj", "{D176E75A-9D28-4245-86A9-939FEB13FDC5}"
EndProject
Project("{FAE04EC0-301F-11D3-BF4B-00C04F79EFBC}") = "IO", "IO\IO.csproj", "{F2DB6DB5-A059-420F-86A7-5A73B6EF76B1}"
EndProject
Project("{FAE04EC0-301F-11D3-BF4B-00C04F79EFBC}") = "BLL", "BLL\BLL.csproj", "{FF887740-E69D-4959-9B09-0EAE54328530}"
EndProject
Project("{FAE04EC0-301F-11D3-BF4B-00C04F79EFBC}") = "BL", "BL\BL.csproj", "{59D76217-89C9-488B-BE31-A0C9D7952B87}"
EndProject
Project("{FAE04EC0-301F-11D3-BF4B-00C04F79EFBC}") = "EL", "EL\EL.csproj", "{EA7FFA46-6A8B-4698-B1CF-C94E1C382370}"
EndProject
Project("{FAE04EC0-301F-11D3-BF4B-00C04F79EFBC}") = "DAL", "DAL\DAL.csproj", "{ABE66FB8-E7CB-4729-988D-CEE2E77BCBCE}"
EndProject
Project("{FAE04EC0-301F-11D3-BF4B-00C04F79EFBC}") = "MotoPoint", "MotoPoint\MotoPoint.csproj", "{2D9219EF-C9A0-4923-AF05-FF4E8BC11DDB}"
EndProject
Global
	GlobalSection(SolutionConfigurationPlatforms) = preSolution
		Debug|Any CPU = Debug|Any CPU
		Release|Any CPU = Release|Any CPU
	EndGlobalSection
	GlobalSection(ProjectConfigurationPlatforms) = postSolution
		{D176E75A-9D28-4245-86A9-939FEB13FDC5}.Debug|Any CPU.ActiveCfg = Debug|Any CPU
		{D176E75A-9D28-4245-86A9-939FEB13FDC5}.Debug|Any CPU.Build.0 = Debug|Any CPU
		{D176E75A-9D28-4245-86A9-939FEB13FDC5}.Release|Any CPU.ActiveCfg = Release|Any CPU
		{D176E75A-9D28-4245-86A9-939FEB13FDC5}.Release|Any CPU.Build.0 = Release|Any CPU
		{F2DB6DB5-A059-420F-86A7-5A73B6EF76B1}.Debug|Any CPU.ActiveCfg = Debug|Any CPU
		{F2DB6DB5-A059-420F-86A7-5A73B6EF76B1}.Debug|Any CPU.Build.0 = Debug|Any CPU
		{F2DB6DB5-A059-420F-86A7-5A73B6EF76B1}.Release|Any CPU.ActiveCfg = Release|Any CPU
		{F2DB6DB5-A059-420F-86A7-5A73B6EF76B1}.Release|Any CPU.Build.0 = Release|Any CPU
		{FF887740-E69D-4959-9B09-0EAE54328530}.Debug|Any CPU.ActiveCfg = Debug|Any CPU
		{FF887740-E69D-4959-9B09-0EAE54328530}.Debug|Any CPU.Build.0 = Debug|Any CPU
		{FF887740-E69D-4959-9B09-0EAE54328530}.Release|Any CPU.ActiveCfg = Release|Any CPU
		{FF887740-E69D-4959-9B09-0EAE54328530}.Release|Any CPU.Build.0 = Release|Any CPU
		{59D76217-89C9-488B-BE31-A0C9D7952B87}.Debug|Any CPU.ActiveCfg = Debug|Any CPU
		{59D76217-89C9-488B-BE31-A0C9D7952B87}.Debug|Any CPU.Build.0 = Debug|Any CPU
		{59D76217-89C9-488B-BE31-A0C9D7952B87}.Release|Any CPU.ActiveCfg = Release|Any CPU
		{59D76217-89C9-488B-BE31-A0C9D7952B87}.Release|Any CPU.Build.0 = Release|Any CPU
		{EA7FFA46-6A8B-4698-B1CF-C94E1C382370}.Debug|Any CPU.ActiveCfg = Debug|Any CPU
		{EA7FFA46-6A8B-4698-B1CF-C94E1C382370}.Debug|Any CPU.Build.0 = Debug|Any CPU
		{EA7FFA46-6A8B-4698-B1CF-C94E1C382370}.Release|Any CPU.ActiveCfg = Release|Any CPU
		{EA7FFA46-6A8B-4698-B1CF-C94E1C382370}.Release|Any CPU.Build.0 = Release|Any CPU
		{ABE66FB8-E7CB-4729-988D-CEE2E77BCBCE}.Debug|Any CPU.ActiveCfg = Debug|Any CPU
		{ABE66FB8-E7CB-4729-988D-CEE2E77BCBCE}.Debug|Any CPU.Build.0 = Debug|Any CPU
		{ABE66FB8-E7CB-4729-988D-CEE2E77BCBCE}.Release|Any CPU.ActiveCfg = Release|Any CPU
		{ABE66FB8-E7CB-4729-988D-CEE2E77BCBCE}.Release|Any CPU.Build.0 = Release|Any CPU
		{2D9219EF-C9A0-4923-AF05-FF4E8BC11DDB}.Debug|Any CPU.ActiveCfg = Debug|Any CPU
		{2D9219EF-C9A0-4923-AF05-FF4E8BC11DDB}.Debug|Any CPU.Build.0 = Debug|Any CPU
		{2D9219EF-C9A0-4923-AF05-FF4E8BC11DDB}.Release|Any CPU.ActiveCfg = Release|Any CPU
		{2D9219EF-C9A0-4923-AF05-FF4E8BC11DDB}.Release|Any CPU.Build.0 = Release|Any CPU
	EndGlobalSection
	GlobalSection(SolutionProperties) = preSolution
		HideSolutionNode = FALSE
	EndGlobalSection
	GlobalSection(ExtensibilityGlobals) = postSolution
		SolutionGuid = {6B35A5DF-FB4C-449C-AB7D-007531D16FE1}
	EndGlobalSection
EndGlobal
